
Microsoft Visual Studio Solution File, Format Version 12.00
# Visual Studio 2013
VisualStudioVersion = 12.0.31101.0
MinimumVisualStudioVersion = 10.0.40219.1
Project("{FAE04EC0-301F-11D3-BF4B-00C04F79EFBC}") = "The Side Scroller Web Game", "The Side Scroller Web Game\The Side Scroller Web Game.csproj", "{B32C2E79-1B4D-4B15-BF96-B9F3FB5C7E6A}"
EndProject
Global
	GlobalSection(SolutionConfigurationPlatforms) = preSolution
		Debug|Any CPU = Debug|Any CPU
		Release|Any CPU = Release|Any CPU
	EndGlobalSection
	GlobalSection(ProjectConfigurationPlatforms) = postSolution
		{B32C2E79-1B4D-4B15-BF96-B9F3FB5C7E6A}.Debug|Any CPU.ActiveCfg = Debug|Any CPU
		{B32C2E79-1B4D-4B15-BF96-B9F3FB5C7E6A}.Debug|Any CPU.Build.0 = Debug|Any CPU
		{B32C2E79-1B4D-4B15-BF96-B9F3FB5C7E6A}.Release|Any CPU.ActiveCfg = Release|Any CPU
		{B32C2E79-1B4D-4B15-BF96-B9F3FB5C7E6A}.Release|Any CPU.Build.0 = Release|Any CPU
	EndGlobalSection
	GlobalSection(SolutionProperties) = preSolution
		HideSolutionNode = FALSE
	EndGlobalSection
EndGlobal
